
Microsoft Visual Studio Solution File, Format Version 12.00
# Visual Studio 2012
Project("{FAE04EC0-301F-11D3-BF4B-00C04F79EFBC}") = "Mojio.Client.MonoDroid", "Mojio.Client.MonoDroid\Mojio.Client.MonoDroid.csproj", "{CEC4E7AF-9916-44D0-8D39-5FAD509DBF77}"
EndProject
Global
	GlobalSection(SolutionConfigurationPlatforms) = preSolution
		Debug|Any CPU = Debug|Any CPU
		Release|Any CPU = Release|Any CPU
	EndGlobalSection
	GlobalSection(ProjectConfigurationPlatforms) = postSolution
		{CEC4E7AF-9916-44D0-8D39-5FAD509DBF77}.Debug|Any CPU.ActiveCfg = Debug|Any CPU
		{CEC4E7AF-9916-44D0-8D39-5FAD509DBF77}.Debug|Any CPU.Build.0 = Debug|Any CPU
		{CEC4E7AF-9916-44D0-8D39-5FAD509DBF77}.Release|Any CPU.ActiveCfg = Release|Any CPU
		{CEC4E7AF-9916-44D0-8D39-5FAD509DBF77}.Release|Any CPU.Build.0 = Release|Any CPU
	EndGlobalSection
	GlobalSection(SolutionProperties) = preSolution
		HideSolutionNode = FALSE
	EndGlobalSection
EndGlobal
